
Microsoft Visual Studio Solution File, Format Version 12.00
# Visual Studio Version 16
VisualStudioVersion = 16.0.30711.63
MinimumVisualStudioVersion = 10.0.40219.1
Project("{9A19103F-16F7-4668-BE54-9A1E7A4F7556}") = "DoctorHouse", "DoctorHouse\DoctorHouse.csproj", "{6B233DD1-58B2-4173-B57E-46A0C1F21BD8}"
EndProject
Project("{9A19103F-16F7-4668-BE54-9A1E7A4F7556}") = "DoctorHouse.DAL", "DoctorHouse.DAL\DoctorHouse.DAL.csproj", "{D86A56A7-6A92-4D03-9D2D-DAFFE14692C7}"
EndProject
Project("{9A19103F-16F7-4668-BE54-9A1E7A4F7556}") = "DoctorHouse.Infrastructure", "DoctorHouse.Infrastructure\DoctorHouse.Infrastructure.csproj", "{737D0BF8-4260-43D5-BD6B-D51EF70DDE9C}"
EndProject
Project("{9A19103F-16F7-4668-BE54-9A1E7A4F7556}") = "DoctorHouse.IdentityServer", "DoctorHouse.IdentityServer\DoctorHouse.IdentityServer.csproj", "{6B173675-34FD-4DD8-9615-422B0B470837}"
EndProject
Project("{FAE04EC0-301F-11D3-BF4B-00C04F79EFBC}") = "DoctorHouse.MvsTest", "DoctorHouse.MvsTest\DoctorHouse.MvsTest.csproj", "{7CEAEE32-393E-4120-9732-193DB1D47BD2}"
EndProject
Project("{FAE04EC0-301F-11D3-BF4B-00C04F79EFBC}") = "DoctorHouse.MvcTest2", "DoctorHouse.MvcTest2\DoctorHouse.MvcTest2.csproj", "{45A5F534-DAB7-4071-99A9-D83A67E81966}"
EndProject
Global
	GlobalSection(SolutionConfigurationPlatforms) = preSolution
		Debug|Any CPU = Debug|Any CPU
		Release|Any CPU = Release|Any CPU
	EndGlobalSection
	GlobalSection(ProjectConfigurationPlatforms) = postSolution
		{6B233DD1-58B2-4173-B57E-46A0C1F21BD8}.Debug|Any CPU.ActiveCfg = Debug|Any CPU
		{6B233DD1-58B2-4173-B57E-46A0C1F21BD8}.Debug|Any CPU.Build.0 = Debug|Any CPU
		{6B233DD1-58B2-4173-B57E-46A0C1F21BD8}.Release|Any CPU.ActiveCfg = Release|Any CPU
		{6B233DD1-58B2-4173-B57E-46A0C1F21BD8}.Release|Any CPU.Build.0 = Release|Any CPU
		{D86A56A7-6A92-4D03-9D2D-DAFFE14692C7}.Debug|Any CPU.ActiveCfg = Debug|Any CPU
		{D86A56A7-6A92-4D03-9D2D-DAFFE14692C7}.Debug|Any CPU.Build.0 = Debug|Any CPU
		{D86A56A7-6A92-4D03-9D2D-DAFFE14692C7}.Release|Any CPU.ActiveCfg = Release|Any CPU
		{D86A56A7-6A92-4D03-9D2D-DAFFE14692C7}.Release|Any CPU.Build.0 = Release|Any CPU
		{737D0BF8-4260-43D5-BD6B-D51EF70DDE9C}.Debug|Any CPU.ActiveCfg = Debug|Any CPU
		{737D0BF8-4260-43D5-BD6B-D51EF70DDE9C}.Debug|Any CPU.Build.0 = Debug|Any CPU
		{737D0BF8-4260-43D5-BD6B-D51EF70DDE9C}.Release|Any CPU.ActiveCfg = Release|Any CPU
		{737D0BF8-4260-43D5-BD6B-D51EF70DDE9C}.Release|Any CPU.Build.0 = Release|Any CPU
		{6B173675-34FD-4DD8-9615-422B0B470837}.Debug|Any CPU.ActiveCfg = Debug|Any CPU
		{6B173675-34FD-4DD8-9615-422B0B470837}.Debug|Any CPU.Build.0 = Debug|Any CPU
		{6B173675-34FD-4DD8-9615-422B0B470837}.Release|Any CPU.ActiveCfg = Release|Any CPU
		{6B173675-34FD-4DD8-9615-422B0B470837}.Release|Any CPU.Build.0 = Release|Any CPU
		{7CEAEE32-393E-4120-9732-193DB1D47BD2}.Debug|Any CPU.ActiveCfg = Debug|Any CPU
		{7CEAEE32-393E-4120-9732-193DB1D47BD2}.Debug|Any CPU.Build.0 = Debug|Any CPU
		{7CEAEE32-393E-4120-9732-193DB1D47BD2}.Release|Any CPU.ActiveCfg = Release|Any CPU
		{7CEAEE32-393E-4120-9732-193DB1D47BD2}.Release|Any CPU.Build.0 = Release|Any CPU
		{45A5F534-DAB7-4071-99A9-D83A67E81966}.Debug|Any CPU.ActiveCfg = Debug|Any CPU
		{45A5F534-DAB7-4071-99A9-D83A67E81966}.Debug|Any CPU.Build.0 = Debug|Any CPU
		{45A5F534-DAB7-4071-99A9-D83A67E81966}.Release|Any CPU.ActiveCfg = Release|Any CPU
		{45A5F534-DAB7-4071-99A9-D83A67E81966}.Release|Any CPU.Build.0 = Release|Any CPU
	EndGlobalSection
	GlobalSection(SolutionProperties) = preSolution
		HideSolutionNode = FALSE
	EndGlobalSection
	GlobalSection(ExtensibilityGlobals) = postSolution
		SolutionGuid = {8AF2CBD3-0DB4-46BE-8F37-40E3C3A343D4}
	EndGlobalSection
EndGlobal
